
Microsoft Visual Studio Solution File, Format Version 12.00
# Visual Studio Version 17
VisualStudioVersion = 17.5.33103.201
MinimumVisualStudioVersion = 10.0.40219.1
Project("{FAE04EC0-301F-11D3-BF4B-00C04F79EFBC}") = "Asp.Net.CoreApp", "Asp.Net.CoreApp\Asp.Net.CoreApp.csproj", "{7830B936-E209-45C8-8101-02790F912AF0}"
EndProject
Global
	GlobalSection(SolutionConfigurationPlatforms) = preSolution
		Debug|Any CPU = Debug|Any CPU
		Release|Any CPU = Release|Any CPU
	EndGlobalSection
	GlobalSection(ProjectConfigurationPlatforms) = postSolution
		{7830B936-E209-45C8-8101-02790F912AF0}.Debug|Any CPU.ActiveCfg = Debug|Any CPU
		{7830B936-E209-45C8-8101-02790F912AF0}.Debug|Any CPU.Build.0 = Debug|Any CPU
		{7830B936-E209-45C8-8101-02790F912AF0}.Release|Any CPU.ActiveCfg = Release|Any CPU
		{7830B936-E209-45C8-8101-02790F912AF0}.Release|Any CPU.Build.0 = Release|Any CPU
	EndGlobalSection
	GlobalSection(SolutionProperties) = preSolution
		HideSolutionNode = FALSE
	EndGlobalSection
	GlobalSection(ExtensibilityGlobals) = postSolution
		SolutionGuid = {2E77E08E-CB4D-45D7-973F-E0A0DFD9FDB1}
	EndGlobalSection
EndGlobal
